
Microsoft Visual Studio Solution File, Format Version 12.00
# Visual Studio Version 16
VisualStudioVersion = 16.0.29025.244
MinimumVisualStudioVersion = 10.0.40219.1
Project("{FAE04EC0-301F-11D3-BF4B-00C04F79EFBC}") = "DataComMesPorExtenso", "DataComMesPorExtenso\DataComMesPorExtenso.csproj", "{6375D728-285D-45CD-B9EF-74FF86FD5219}"
EndProject
Project("{FAE04EC0-301F-11D3-BF4B-00C04F79EFBC}") = "Exercício_AlunosPorTurma", "Exercício_AlunosPorTurma\Exercício_AlunosPorTurma.csproj", "{754E37BE-5560-4C6C-85AA-79BAE284C421}"
EndProject
Project("{FAE04EC0-301F-11D3-BF4B-00C04F79EFBC}") = "Exercício_IntercalarTexto", "Exercício_InverterTexto\Exercício_IntercalarTexto.csproj", "{A30A3FFA-B868-4791-A29A-3FDC0A523E99}"
EndProject
Project("{FAE04EC0-301F-11D3-BF4B-00C04F79EFBC}") = "Exercício_InverterTexto2", "Exercício_InverterTexto2\Exercício_InverterTexto2.csproj", "{1F647BDD-0317-47AC-BFF3-0849DEE62785}"
EndProject
Global
	GlobalSection(SolutionConfigurationPlatforms) = preSolution
		Debug|Any CPU = Debug|Any CPU
		Release|Any CPU = Release|Any CPU
	EndGlobalSection
	GlobalSection(ProjectConfigurationPlatforms) = postSolution
		{6375D728-285D-45CD-B9EF-74FF86FD5219}.Debug|Any CPU.ActiveCfg = Debug|Any CPU
		{6375D728-285D-45CD-B9EF-74FF86FD5219}.Debug|Any CPU.Build.0 = Debug|Any CPU
		{6375D728-285D-45CD-B9EF-74FF86FD5219}.Release|Any CPU.ActiveCfg = Release|Any CPU
		{6375D728-285D-45CD-B9EF-74FF86FD5219}.Release|Any CPU.Build.0 = Release|Any CPU
		{754E37BE-5560-4C6C-85AA-79BAE284C421}.Debug|Any CPU.ActiveCfg = Debug|Any CPU
		{754E37BE-5560-4C6C-85AA-79BAE284C421}.Debug|Any CPU.Build.0 = Debug|Any CPU
		{754E37BE-5560-4C6C-85AA-79BAE284C421}.Release|Any CPU.ActiveCfg = Release|Any CPU
		{754E37BE-5560-4C6C-85AA-79BAE284C421}.Release|Any CPU.Build.0 = Release|Any CPU
		{A30A3FFA-B868-4791-A29A-3FDC0A523E99}.Debug|Any CPU.ActiveCfg = Debug|Any CPU
		{A30A3FFA-B868-4791-A29A-3FDC0A523E99}.Debug|Any CPU.Build.0 = Debug|Any CPU
		{A30A3FFA-B868-4791-A29A-3FDC0A523E99}.Release|Any CPU.ActiveCfg = Release|Any CPU
		{A30A3FFA-B868-4791-A29A-3FDC0A523E99}.Release|Any CPU.Build.0 = Release|Any CPU
		{1F647BDD-0317-47AC-BFF3-0849DEE62785}.Debug|Any CPU.ActiveCfg = Debug|Any CPU
		{1F647BDD-0317-47AC-BFF3-0849DEE62785}.Debug|Any CPU.Build.0 = Debug|Any CPU
		{1F647BDD-0317-47AC-BFF3-0849DEE62785}.Release|Any CPU.ActiveCfg = Release|Any CPU
		{1F647BDD-0317-47AC-BFF3-0849DEE62785}.Release|Any CPU.Build.0 = Release|Any CPU
	EndGlobalSection
	GlobalSection(SolutionProperties) = preSolution
		HideSolutionNode = FALSE
	EndGlobalSection
	GlobalSection(ExtensibilityGlobals) = postSolution
		SolutionGuid = {35965DCF-0554-4D1D-AC06-3E4290D9D47F}
	EndGlobalSection
EndGlobal
